// !$*UTF8*$!
{
	archiveVersion = 1;
	classes = {
	};
	objectVersion = 50;
	objects = {

/* Begin PBXBuildFile section */
		D94E98AB26F855260060AAB0 /* Player.swift in Sources */ = {isa = PBXBuildFile; fileRef = D94E98AA26F855260060AAB0 /* Player.swift */; };
		D94E98AE26F858620060AAB0 /* Round.swift in Sources */ = {isa = PBXBuildFile; fileRef = D94E98AD26F858620060AAB0 /* Round.swift */; };
		D94E98B626F9417C0060AAB0 /* EndGameView.swift in Sources */ = {isa = PBXBuildFile; fileRef = D94E98B526F9417C0060AAB0 /* EndGameView.swift */; };
		D94E98BA26F94FD40060AAB0 /* RoundInfoView.swift in Sources */ = {isa = PBXBuildFile; fileRef = D94E98B926F94FD40060AAB0 /* RoundInfoView.swift */; };
		D94E98BE26F953AD0060AAB0 /* PlayerView.swift in Sources */ = {isa = PBXBuildFile; fileRef = D94E98BD26F953AD0060AAB0 /* PlayerView.swift */; };
		D94E98C126FA6C530060AAB0 /* PlayerRowView.swift in Sources */ = {isa = PBXBuildFile; fileRef = D94E98C026FA6C530060AAB0 /* PlayerRowView.swift */; };
		D94E98C626FAAB2C0060AAB0 /* HowToPlayView.swift in Sources */ = {isa = PBXBuildFile; fileRef = D94E98C526FAAB2C0060AAB0 /* HowToPlayView.swift */; };
		D961185026E66E6B0024042E /* StockMarketApp.swift in Sources */ = {isa = PBXBuildFile; fileRef = D961184F26E66E6B0024042E /* StockMarketApp.swift */; };
		D961185226E66E6B0024042E /* ContentView.swift in Sources */ = {isa = PBXBuildFile; fileRef = D961185126E66E6B0024042E /* ContentView.swift */; };
		D961185426E66E6D0024042E /* Assets.xcassets in Resources */ = {isa = PBXBuildFile; fileRef = D961185326E66E6D0024042E /* Assets.xcassets */; };
		D961185726E66E6D0024042E /* Preview Assets.xcassets in Resources */ = {isa = PBXBuildFile; fileRef = D961185626E66E6D0024042E /* Preview Assets.xcassets */; };
		D961186026E66ECD0024042E /* MenuView.swift in Sources */ = {isa = PBXBuildFile; fileRef = D961185F26E66ECD0024042E /* MenuView.swift */; };
		D961186526E691080024042E /* ButtonStyles.swift in Sources */ = {isa = PBXBuildFile; fileRef = D961186426E691080024042E /* ButtonStyles.swift */; };
		D961187126E694C90024042E /* GameViewModel.swift in Sources */ = {isa = PBXBuildFile; fileRef = D961187026E694C90024042E /* GameViewModel.swift */; };
		D961187426E7119F0024042E /* GameView.swift in Sources */ = {isa = PBXBuildFile; fileRef = D961187326E7119F0024042E /* GameView.swift */; };
		D961187726E723690024042E /* TitleScreenView.swift in Sources */ = {isa = PBXBuildFile; fileRef = D961187626E723690024042E /* TitleScreenView.swift */; };
/* End PBXBuildFile section */

/* Begin PBXFileReference section */
		D94E98AA26F855260060AAB0 /* Player.swift */ = {isa = PBXFileReference; lastKnownFileType = sourcecode.swift; path = Player.swift; sourceTree = "<group>"; };
		D94E98AD26F858620060AAB0 /* Round.swift */ = {isa = PBXFileReference; lastKnownFileType = sourcecode.swift; path = Round.swift; sourceTree = "<group>"; };
		D94E98B526F9417C0060AAB0 /* EndGameView.swift */ = {isa = PBXFileReference; lastKnownFileType = sourcecode.swift; path = EndGameView.swift; sourceTree = "<group>"; };
		D94E98B926F94FD40060AAB0 /* RoundInfoView.swift */ = {isa = PBXFileReference; lastKnownFileType = sourcecode.swift; path = RoundInfoView.swift; sourceTree = "<group>"; };
		D94E98BD26F953AD0060AAB0 /* PlayerView.swift */ = {isa = PBXFileReference; lastKnownFileType = sourcecode.swift; path = PlayerView.swift; sourceTree = "<group>"; };
		D94E98C026FA6C530060AAB0 /* PlayerRowView.swift */ = {isa = PBXFileReference; lastKnownFileType = sourcecode.swift; path = PlayerRowView.swift; sourceTree = "<group>"; };
		D94E98C526FAAB2C0060AAB0 /* HowToPlayView.swift */ = {isa = PBXFileReference; lastKnownFileType = sourcecode.swift; path = HowToPlayView.swift; sourceTree = "<group>"; };
		D961184C26E66E6B0024042E /* StockMarket.app */ = {isa = PBXFileReference; explicitFileType = wrapper.application; includeInIndex = 0; path = StockMarket.app; sourceTree = BUILT_PRODUCTS_DIR; };
		D961184F26E66E6B0024042E /* StockMarketApp.swift */ = {isa = PBXFileReference; lastKnownFileType = sourcecode.swift; path = StockMarketApp.swift; sourceTree = "<group>"; };
		D961185126E66E6B0024042E /* ContentView.swift */ = {isa = PBXFileReference; lastKnownFileType = sourcecode.swift; path = ContentView.swift; sourceTree = "<group>"; };
		D961185326E66E6D0024042E /* Assets.xcassets */ = {isa = PBXFileReference; lastKnownFileType = folder.assetcatalog; path = Assets.xcassets; sourceTree = "<group>"; };
		D961185626E66E6D0024042E /* Preview Assets.xcassets */ = {isa = PBXFileReference; lastKnownFileType = folder.assetcatalog; path = "Preview Assets.xcassets"; sourceTree = "<group>"; };
		D961185826E66E6D0024042E /* Info.plist */ = {isa = PBXFileReference; lastKnownFileType = text.plist.xml; path = Info.plist; sourceTree = "<group>"; };
		D961185F26E66ECD0024042E /* MenuView.swift */ = {isa = PBXFileReference; lastKnownFileType = sourcecode.swift; path = MenuView.swift; sourceTree = "<group>"; };
		D961186426E691080024042E /* ButtonStyles.swift */ = {isa = PBXFileReference; lastKnownFileType = sourcecode.swift; path = ButtonStyles.swift; sourceTree = "<group>"; };
		D961187026E694C90024042E /* GameViewModel.swift */ = {isa = PBXFileReference; lastKnownFileType = sourcecode.swift; path = GameViewModel.swift; sourceTree = "<group>"; };
		D961187326E7119F0024042E /* GameView.swift */ = {isa = PBXFileReference; lastKnownFileType = sourcecode.swift; path = GameView.swift; sourceTree = "<group>"; };
		D961187626E723690024042E /* TitleScreenView.swift */ = {isa = PBXFileReference; lastKnownFileType = sourcecode.swift; path = TitleScreenView.swift; sourceTree = "<group>"; };
/* End PBXFileReference section */

/* Begin PBXFrameworksBuildPhase section */
		D961184926E66E6B0024042E /* Frameworks */ = {
			isa = PBXFrameworksBuildPhase;
			buildActionMask = 2147483647;
			files = (
			);
			runOnlyForDeploymentPostprocessing = 0;
		};
/* End PBXFrameworksBuildPhase section */

/* Begin PBXGroup section */
		D94E98B826F94FBE0060AAB0 /* Helper Views */ = {
			isa = PBXGroup;
			children = (
				D94E98B926F94FD40060AAB0 /* RoundInfoView.swift */,
				D94E98BD26F953AD0060AAB0 /* PlayerView.swift */,
				D94E98C026FA6C530060AAB0 /* PlayerRowView.swift */,
			);
			path = "Helper Views";
			sourceTree = "<group>";
		};
		D961184326E66E6A0024042E = {
			isa = PBXGroup;
			children = (
				D961184E26E66E6B0024042E /* StockMarket */,
				D961184D26E66E6B0024042E /* Products */,
			);
			sourceTree = "<group>";
		};
		D961184D26E66E6B0024042E /* Products */ = {
			isa = PBXGroup;
			children = (
				D961184C26E66E6B0024042E /* StockMarket.app */,
			);
			name = Products;
			sourceTree = "<group>";
		};
		D961184E26E66E6B0024042E /* StockMarket */ = {
			isa = PBXGroup;
			children = (
				D961184F26E66E6B0024042E /* StockMarketApp.swift */,
				D961186B26E692B60024042E /* Models */,
				D961186A26E692A70024042E /* Views */,
				D961186D26E692DA0024042E /* View Models */,
				D961186726E6910C0024042E /* Helpers */,
				D961185326E66E6D0024042E /* Assets.xcassets */,
				D961185826E66E6D0024042E /* Info.plist */,
				D961185526E66E6D0024042E /* Preview Content */,
			);
			path = StockMarket;
			sourceTree = "<group>";
		};
		D961185526E66E6D0024042E /* Preview Content */ = {
			isa = PBXGroup;
			children = (
				D961185626E66E6D0024042E /* Preview Assets.xcassets */,
			);
			path = "Preview Content";
			sourceTree = "<group>";
		};
		D961186726E6910C0024042E /* Helpers */ = {
			isa = PBXGroup;
			children = (
				D961186426E691080024042E /* ButtonStyles.swift */,
			);
			path = Helpers;
			sourceTree = "<group>";
		};
		D961186A26E692A70024042E /* Views */ = {
			isa = PBXGroup;
			children = (
				D961185126E66E6B0024042E /* ContentView.swift */,
				D961187626E723690024042E /* TitleScreenView.swift */,
				D94E98C526FAAB2C0060AAB0 /* HowToPlayView.swift */,
				D961185F26E66ECD0024042E /* MenuView.swift */,
				D961187326E7119F0024042E /* GameView.swift */,
				D94E98B526F9417C0060AAB0 /* EndGameView.swift */,
				D94E98B826F94FBE0060AAB0 /* Helper Views */,
			);
			path = Views;
			sourceTree = "<group>";
		};
		D961186B26E692B60024042E /* Models */ = {
			isa = PBXGroup;
			children = (
				D94E98AA26F855260060AAB0 /* Player.swift */,
				D94E98AD26F858620060AAB0 /* Round.swift */,
			);
			path = Models;
			sourceTree = "<group>";
		};
		D961186D26E692DA0024042E /* View Models */ = {
			isa = PBXGroup;
			children = (
				D961187026E694C90024042E /* GameViewModel.swift */,
			);
			path = "View Models";
			sourceTree = "<group>";
		};
/* End PBXGroup section */

/* Begin PBXNativeTarget section */
		D961184B26E66E6B0024042E /* StockMarket */ = {
			isa = PBXNativeTarget;
			buildConfigurationList = D961185B26E66E6D0024042E /* Build configuration list for PBXNativeTarget "StockMarket" */;
			buildPhases = (
				D961184826E66E6B0024042E /* Sources */,
				D961184926E66E6B0024042E /* Frameworks */,
				D961184A26E66E6B0024042E /* Resources */,
			);
			buildRules = (
			);
			dependencies = (
			);
			name = StockMarket;
			productName = StockMarket;
			productReference = D961184C26E66E6B0024042E /* StockMarket.app */;
			productType = "com.apple.product-type.application";
		};
/* End PBXNativeTarget section */

/* Begin PBXProject section */
		D961184426E66E6A0024042E /* Project object */ = {
			isa = PBXProject;
			attributes = {
				LastSwiftUpdateCheck = 1240;
				LastUpgradeCheck = 1240;
				TargetAttributes = {
					D961184B26E66E6B0024042E = {
						CreatedOnToolsVersion = 12.4;
					};
				};
			};
			buildConfigurationList = D961184726E66E6A0024042E /* Build configuration list for PBXProject "StockMarket" */;
			compatibilityVersion = "Xcode 9.3";
			developmentRegion = en;
			hasScannedForEncodings = 0;
			knownRegions = (
				en,
				Base,
			);
			mainGroup = D961184326E66E6A0024042E;
			productRefGroup = D961184D26E66E6B0024042E /* Products */;
			projectDirPath = "";
			projectRoot = "";
			targets = (
				D961184B26E66E6B0024042E /* StockMarket */,
			);
		};
/* End PBXProject section */

/* Begin PBXResourcesBuildPhase section */
		D961184A26E66E6B0024042E /* Resources */ = {
			isa = PBXResourcesBuildPhase;
			buildActionMask = 2147483647;
			files = (
				D961185726E66E6D0024042E /* Preview Assets.xcassets in Resources */,
				D961185426E66E6D0024042E /* Assets.xcassets in Resources */,
			);
			runOnlyForDeploymentPostprocessing = 0;
		};
/* End PBXResourcesBuildPhase section */

/* Begin PBXSourcesBuildPhase section */
		D961184826E66E6B0024042E /* Sources */ = {
			isa = PBXSourcesBuildPhase;
			buildActionMask = 2147483647;
			files = (
				D961187726E723690024042E /* TitleScreenView.swift in Sources */,
				D94E98AE26F858620060AAB0 /* Round.swift in Sources */,
				D961185226E66E6B0024042E /* ContentView.swift in Sources */,
				D94E98BE26F953AD0060AAB0 /* PlayerView.swift in Sources */,
				D961186526E691080024042E /* ButtonStyles.swift in Sources */,
				D94E98B626F9417C0060AAB0 /* EndGameView.swift in Sources */,
				D94E98C126FA6C530060AAB0 /* PlayerRowView.swift in Sources */,
				D94E98BA26F94FD40060AAB0 /* RoundInfoView.swift in Sources */,
				D961186026E66ECD0024042E /* MenuView.swift in Sources */,
				D94E98AB26F855260060AAB0 /* Player.swift in Sources */,
				D94E98C626FAAB2C0060AAB0 /* HowToPlayView.swift in Sources */,
				D961187126E694C90024042E /* GameViewModel.swift in Sources */,
				D961187426E7119F0024042E /* GameView.swift in Sources */,
				D961185026E66E6B0024042E /* StockMarketApp.swift in Sources */,
			);
			runOnlyForDeploymentPostprocessing = 0;
		};
/* End PBXSourcesBuildPhase section */

/* Begin XCBuildConfiguration section */
		D961185926E66E6D0024042E /* Debug */ = {
			isa = XCBuildConfiguration;
			buildSettings = {
				ALWAYS_SEARCH_USER_PATHS = NO;
				CLANG_ANALYZER_NONNULL = YES;
				CLANG_ANALYZER_NUMBER_OBJECT_CONVERSION = YES_AGGRESSIVE;
				CLANG_CXX_LANGUAGE_STANDARD = "gnu++14";
				CLANG_CXX_LIBRARY = "libc++";
				CLANG_ENABLE_MODULES = YES;
				CLANG_ENABLE_OBJC_ARC = YES;
				CLANG_ENABLE_OBJC_WEAK = YES;
				CLANG_WARN_BLOCK_CAPTURE_AUTORELEASING = YES;
				CLANG_WARN_BOOL_CONVERSION = YES;
				CLANG_WARN_COMMA = YES;
				CLANG_WARN_CONSTANT_CONVERSION = YES;
				CLANG_WARN_DEPRECATED_OBJC_IMPLEMENTATIONS = YES;
				CLANG_WARN_DIRECT_OBJC_ISA_USAGE = YES_ERROR;
				CLANG_WARN_DOCUMENTATION_COMMENTS = YES;
				CLANG_WARN_EMPTY_BODY = YES;
				CLANG_WARN_ENUM_CONVERSION = YES;
				CLANG_WARN_INFINITE_RECURSION = YES;
				CLANG_WARN_INT_CONVERSION = YES;
				CLANG_WARN_NON_LITERAL_NULL_CONVERSION = YES;
				CLANG_WARN_OBJC_IMPLICIT_RETAIN_SELF = YES;
				CLANG_WARN_OBJC_LITERAL_CONVERSION = YES;
				CLANG_WARN_OBJC_ROOT_CLASS = YES_ERROR;
				CLANG_WARN_QUOTED_INCLUDE_IN_FRAMEWORK_HEADER = YES;
				CLANG_WARN_RANGE_LOOP_ANALYSIS = YES;
				CLANG_WARN_STRICT_PROTOTYPES = YES;
				CLANG_WARN_SUSPICIOUS_MOVE = YES;
				CLANG_WARN_UNGUARDED_AVAILABILITY = YES_AGGRESSIVE;
				CLANG_WARN_UNREACHABLE_CODE = YES;
				CLANG_WARN__DUPLICATE_METHOD_MATCH = YES;
				COPY_PHASE_STRIP = NO;
				DEBUG_INFORMATION_FORMAT = dwarf;
				ENABLE_STRICT_OBJC_MSGSEND = YES;
				ENABLE_TESTABILITY = YES;
				GCC_C_LANGUAGE_STANDARD = gnu11;
				GCC_DYNAMIC_NO_PIC = NO;
				GCC_NO_COMMON_BLOCKS = YES;
				GCC_OPTIMIZATION_LEVEL = 0;
				GCC_PREPROCESSOR_DEFINITIONS = (
					"DEBUG=1",
					"$(inherited)",
				);
				GCC_WARN_64_TO_32_BIT_CONVERSION = YES;
				GCC_WARN_ABOUT_RETURN_TYPE = YES_ERROR;
				GCC_WARN_UNDECLARED_SELECTOR = YES;
				GCC_WARN_UNINITIALIZED_AUTOS = YES_AGGRESSIVE;
				GCC_WARN_UNUSED_FUNCTION = YES;
				GCC_WARN_UNUSED_VARIABLE = YES;
				IPHONEOS_DEPLOYMENT_TARGET = 14.4;
				MTL_ENABLE_DEBUG_INFO = INCLUDE_SOURCE;
				MTL_FAST_MATH = YES;
				ONLY_ACTIVE_ARCH = YES;
				SDKROOT = iphoneos;
				SWIFT_ACTIVE_COMPILATION_CONDITIONS = DEBUG;
				SWIFT_OPTIMIZATION_LEVEL = "-Onone";
			};
			name = Debug;
		};
		D961185A26E66E6D0024042E /* Release */ = {
			isa = XCBuildConfiguration;
			buildSettings = {
				ALWAYS_SEARCH_USER_PATHS = NO;
				CLANG_ANALYZER_NONNULL = YES;
				CLANG_ANALYZER_NUMBER_OBJECT_CONVERSION = YES_AGGRESSIVE;
				CLANG_CXX_LANGUAGE_STANDARD = "gnu++14";
				CLANG_CXX_LIBRARY = "libc++";
				CLANG_ENABLE_MODULES = YES;
				CLANG_ENABLE_OBJC_ARC = YES;
				CLANG_ENABLE_OBJC_WEAK = YES;
				CLANG_WARN_BLOCK_CAPTURE_AUTORELEASING = YES;
				CLANG_WARN_BOOL_CONVERSION = YES;
				CLANG_WARN_COMMA = YES;
				CLANG_WARN_CONSTANT_CONVERSION = YES;
				CLANG_WARN_DEPRECATED_OBJC_IMPLEMENTATIONS = YES;
				CLANG_WARN_DIRECT_OBJC_ISA_USAGE = YES_ERROR;
				CLANG_WARN_DOCUMENTATION_COMMENTS = YES;
				CLANG_WARN_EMPTY_BODY = YES;
				CLANG_WARN_ENUM_CONVERSION = YES;
				CLANG_WARN_INFINITE_RECURSION = YES;
				CLANG_WARN_INT_CONVERSION = YES;
				CLANG_WARN_NON_LITERAL_NULL_CONVERSION = YES;
				CLANG_WARN_OBJC_IMPLICIT_RETAIN_SELF = YES;
				CLANG_WARN_OBJC_LITERAL_CONVERSION = YES;
				CLANG_WARN_OBJC_ROOT_CLASS = YES_ERROR;
				CLANG_WARN_QUOTED_INCLUDE_IN_FRAMEWORK_HEADER = YES;
				CLANG_WARN_RANGE_LOOP_ANALYSIS = YES;
				CLANG_WARN_STRICT_PROTOTYPES = YES;
				CLANG_WARN_SUSPICIOUS_MOVE = YES;
				CLANG_WARN_UNGUARDED_AVAILABILITY = YES_AGGRESSIVE;
				CLANG_WARN_UNREACHABLE_CODE = YES;
				CLANG_WARN__DUPLICATE_METHOD_MATCH = YES;
				COPY_PHASE_STRIP = NO;
				DEBUG_INFORMATION_FORMAT = "dwarf-with-dsym";
				ENABLE_NS_ASSERTIONS = NO;
				ENABLE_STRICT_OBJC_MSGSEND = YES;
				GCC_C_LANGUAGE_STANDARD = gnu11;
				GCC_NO_COMMON_BLOCKS = YES;
				GCC_WARN_64_TO_32_BIT_CONVERSION = YES;
				GCC_WARN_ABOUT_RETURN_TYPE = YES_ERROR;
				GCC_WARN_UNDECLARED_SELECTOR = YES;
				GCC_WARN_UNINITIALIZED_AUTOS = YES_AGGRESSIVE;
				GCC_WARN_UNUSED_FUNCTION = YES;
				GCC_WARN_UNUSED_VARIABLE = YES;
				IPHONEOS_DEPLOYMENT_TARGET = 14.4;
				MTL_ENABLE_DEBUG_INFO = NO;
				MTL_FAST_MATH = YES;
				SDKROOT = iphoneos;
				SWIFT_COMPILATION_MODE = wholemodule;
				SWIFT_OPTIMIZATION_LEVEL = "-O";
				VALIDATE_PRODUCT = YES;
			};
			name = Release;
		};
		D961185C26E66E6D0024042E /* Debug */ = {
			isa = XCBuildConfiguration;
			buildSettings = {
				ASSETCATALOG_COMPILER_APPICON_NAME = AppIcon;
				ASSETCATALOG_COMPILER_GLOBAL_ACCENT_COLOR_NAME = AccentColor;
				CODE_SIGN_STYLE = Automatic;
				DEVELOPMENT_ASSET_PATHS = "\"StockMarket/Preview Content\"";
				DEVELOPMENT_TEAM = S8G2A2RL7Q;
				ENABLE_PREVIEWS = YES;
				INFOPLIST_FILE = StockMarket/Info.plist;
				IPHONEOS_DEPLOYMENT_TARGET = 14.0;
				LD_RUNPATH_SEARCH_PATHS = (
					"$(inherited)",
					"@executable_path/Frameworks",
				);
				PRODUCT_BUNDLE_IDENTIFIER = mckaylis.StockMarket;
				PRODUCT_NAME = "$(TARGET_NAME)";
				SWIFT_VERSION = 5.0;
				TARGETED_DEVICE_FAMILY = "1,2";
			};
			name = Debug;
		};
		D961185D26E66E6D0024042E /* Release */ = {
			isa = XCBuildConfiguration;
			buildSettings = {
				ASSETCATALOG_COMPILER_APPICON_NAME = AppIcon;
				ASSETCATALOG_COMPILER_GLOBAL_ACCENT_COLOR_NAME = AccentColor;
				CODE_SIGN_STYLE = Automatic;
				DEVELOPMENT_ASSET_PATHS = "\"StockMarket/Preview Content\"";
				DEVELOPMENT_TEAM = S8G2A2RL7Q;
				ENABLE_PREVIEWS = YES;
				INFOPLIST_FILE = StockMarket/Info.plist;
				IPHONEOS_DEPLOYMENT_TARGET = 14.0;
				LD_RUNPATH_SEARCH_PATHS = (
					"$(inherited)",
					"@executable_path/Frameworks",
				);
				PRODUCT_BUNDLE_IDENTIFIER = mckaylis.StockMarket;
				PRODUCT_NAME = "$(TARGET_NAME)";
				SWIFT_VERSION = 5.0;
				TARGETED_DEVICE_FAMILY = "1,2";
			};
			name = Release;
		};
/* End XCBuildConfiguration section */

/* Begin XCConfigurationList section */
		D961184726E66E6A0024042E /* Build configuration list for PBXProject "StockMarket" */ = {
			isa = XCConfigurationList;
			buildConfigurations = (
				D961185926E66E6D0024042E /* Debug */,
				D961185A26E66E6D0024042E /* Release */,
			);
			defaultConfigurationIsVisible = 0;
			defaultConfigurationName = Release;
		};
		D961185B26E66E6D0024042E /* Build configuration list for PBXNativeTarget "StockMarket" */ = {
			isa = XCConfigurationList;
			buildConfigurations = (
				D961185C26E66E6D0024042E /* Debug */,
				D961185D26E66E6D0024042E /* Release */,
			);
			defaultConfigurationIsVisible = 0;
			defaultConfigurationName = Release;
		};
/* End XCConfigurationList section */
	};
	rootObject = D961184426E66E6A0024042E /* Project object */;
}
